
Microsoft Visual Studio Solution File, Format Version 12.00
# Visual Studio Version 16
VisualStudioVersion = 16.0.29519.87
MinimumVisualStudioVersion = 10.0.40219.1
Project("{FAE04EC0-301F-11D3-BF4B-00C04F79EFBC}") = "AutomatyzacjaZima2019", "AutomatyzacjaZima2019\AutomatyzacjaZima2019.csproj", "{D32508DA-3577-43E8-8A59-57466AA1A67E}"
EndProject
Project("{FAE04EC0-301F-11D3-BF4B-00C04F79EFBC}") = "PageObjectsExample", "PageObjectsExample\PageObjectsExample.csproj", "{38FE3DBD-8CA8-4419-B620-8C45E2D719D9}"
EndProject
Global
	GlobalSection(SolutionConfigurationPlatforms) = preSolution
		Debug|Any CPU = Debug|Any CPU
		Release|Any CPU = Release|Any CPU
	EndGlobalSection
	GlobalSection(ProjectConfigurationPlatforms) = postSolution
		{D32508DA-3577-43E8-8A59-57466AA1A67E}.Debug|Any CPU.ActiveCfg = Debug|Any CPU
		{D32508DA-3577-43E8-8A59-57466AA1A67E}.Debug|Any CPU.Build.0 = Debug|Any CPU
		{D32508DA-3577-43E8-8A59-57466AA1A67E}.Release|Any CPU.ActiveCfg = Release|Any CPU
		{D32508DA-3577-43E8-8A59-57466AA1A67E}.Release|Any CPU.Build.0 = Release|Any CPU
		{38FE3DBD-8CA8-4419-B620-8C45E2D719D9}.Debug|Any CPU.ActiveCfg = Debug|Any CPU
		{38FE3DBD-8CA8-4419-B620-8C45E2D719D9}.Debug|Any CPU.Build.0 = Debug|Any CPU
		{38FE3DBD-8CA8-4419-B620-8C45E2D719D9}.Release|Any CPU.ActiveCfg = Release|Any CPU
		{38FE3DBD-8CA8-4419-B620-8C45E2D719D9}.Release|Any CPU.Build.0 = Release|Any CPU
	EndGlobalSection
	GlobalSection(SolutionProperties) = preSolution
		HideSolutionNode = FALSE
	EndGlobalSection
	GlobalSection(ExtensibilityGlobals) = postSolution
		SolutionGuid = {F5955917-9480-4585-9347-7C0A6B309BBA}
	EndGlobalSection
EndGlobal
